
Microsoft Visual Studio Solution File, Format Version 12.00
# Visual Studio Version 16
VisualStudioVersion = 16.0.30711.63
MinimumVisualStudioVersion = 10.0.40219.1
Project("{FAE04EC0-301F-11D3-BF4B-00C04F79EFBC}") = "RafaelEstevam.Simple.MPD", "RafaelEstevam.Simple.MPD\RafaelEstevam.Simple.MPD.csproj", "{4C8C02FA-A7D9-493C-BDC4-7B9DFE11A368}"
EndProject
Project("{FAE04EC0-301F-11D3-BF4B-00C04F79EFBC}") = "RafaelEstevamSimple.MPD.Tests", "RafaelEstevamSimple.MPD.Tests\RafaelEstevamSimple.MPD.Tests.csproj", "{BECB8A09-8440-48F8-AB79-4B8B20B14A27}"
EndProject
Global
	GlobalSection(SolutionConfigurationPlatforms) = preSolution
		Debug|Any CPU = Debug|Any CPU
		Release|Any CPU = Release|Any CPU
	EndGlobalSection
	GlobalSection(ProjectConfigurationPlatforms) = postSolution
		{4C8C02FA-A7D9-493C-BDC4-7B9DFE11A368}.Debug|Any CPU.ActiveCfg = Debug|Any CPU
		{4C8C02FA-A7D9-493C-BDC4-7B9DFE11A368}.Debug|Any CPU.Build.0 = Debug|Any CPU
		{4C8C02FA-A7D9-493C-BDC4-7B9DFE11A368}.Release|Any CPU.ActiveCfg = Release|Any CPU
		{4C8C02FA-A7D9-493C-BDC4-7B9DFE11A368}.Release|Any CPU.Build.0 = Release|Any CPU
		{BECB8A09-8440-48F8-AB79-4B8B20B14A27}.Debug|Any CPU.ActiveCfg = Debug|Any CPU
		{BECB8A09-8440-48F8-AB79-4B8B20B14A27}.Debug|Any CPU.Build.0 = Debug|Any CPU
		{BECB8A09-8440-48F8-AB79-4B8B20B14A27}.Release|Any CPU.ActiveCfg = Release|Any CPU
		{BECB8A09-8440-48F8-AB79-4B8B20B14A27}.Release|Any CPU.Build.0 = Release|Any CPU
	EndGlobalSection
	GlobalSection(SolutionProperties) = preSolution
		HideSolutionNode = FALSE
	EndGlobalSection
	GlobalSection(ExtensibilityGlobals) = postSolution
		SolutionGuid = {C5B7F090-11B6-455B-8D49-0D2AABA49ED9}
	EndGlobalSection
EndGlobal
